// !$*UTF8*$!
{
	archiveVersion = 1;
	classes = {
	};
	objectVersion = 56;
	objects = {

/* Begin PBXBuildFile section */
		456B42682C349C1500F328F5 /* Formatter.swift in Sources */ = {isa = PBXBuildFile; fileRef = 456B42672C349C1500F328F5 /* Formatter.swift */; };
		456B426A2C349C3900F328F5 /* DeviceSelectionViewController+TableView.swift in Sources */ = {isa = PBXBuildFile; fileRef = 456B42692C349C3900F328F5 /* DeviceSelectionViewController+TableView.swift */; };
		456B426C2C349DE400F328F5 /* CurrentPlayingSongViewController+Network.swift in Sources */ = {isa = PBXBuildFile; fileRef = 456B426B2C349DE400F328F5 /* CurrentPlayingSongViewController+Network.swift */; };
		456B426E2C349E2700F328F5 /* CurrentPlayingSongViewController+PlaySong.swift in Sources */ = {isa = PBXBuildFile; fileRef = 456B426D2C349E2700F328F5 /* CurrentPlayingSongViewController+PlaySong.swift */; };
		456B42702C34A0E400F328F5 /* PlayingSongViewController.swift in Sources */ = {isa = PBXBuildFile; fileRef = 456B426F2C34A0E400F328F5 /* PlayingSongViewController.swift */; };
		456B42732C34A1D900F328F5 /* PlayingSongViewController+CollectionView.swift in Sources */ = {isa = PBXBuildFile; fileRef = 456B42722C34A1D900F328F5 /* PlayingSongViewController+CollectionView.swift */; };
		456B42782C34A38300F328F5 /* PlayingSongCell.swift in Sources */ = {isa = PBXBuildFile; fileRef = 456B42772C34A38300F328F5 /* PlayingSongCell.swift */; };
		456B427A2C34A62400F328F5 /* CollectionViewCell.swift in Sources */ = {isa = PBXBuildFile; fileRef = 456B42792C34A62400F328F5 /* CollectionViewCell.swift */; };
		456B427C2C34A88300F328F5 /* AboutArtistCollectionCell.swift in Sources */ = {isa = PBXBuildFile; fileRef = 456B427B2C34A88300F328F5 /* AboutArtistCollectionCell.swift */; };
		456B427E2C34A90F00F328F5 /* SongCreditsCollectionCell.swift in Sources */ = {isa = PBXBuildFile; fileRef = 456B427D2C34A90F00F328F5 /* SongCreditsCollectionCell.swift */; };
		456B42812C34ABD600F328F5 /* SongTitleContainerView.swift in Sources */ = {isa = PBXBuildFile; fileRef = 456B42802C34ABD600F328F5 /* SongTitleContainerView.swift */; };
		456B42832C34ADA900F328F5 /* SongControlsContainerView.swift in Sources */ = {isa = PBXBuildFile; fileRef = 456B42822C34ADA900F328F5 /* SongControlsContainerView.swift */; };
		456B42852C34B31600F328F5 /* PlayingSongTrackView.swift in Sources */ = {isa = PBXBuildFile; fileRef = 456B42842C34B31600F328F5 /* PlayingSongTrackView.swift */; };
		456B42882C34B4EA00F328F5 /* DeviceShareAndTimerView.swift in Sources */ = {isa = PBXBuildFile; fileRef = 456B42872C34B4EA00F328F5 /* DeviceShareAndTimerView.swift */; };
		F3322AA72C2AABC3009A56BA /* AppDelegate.swift in Sources */ = {isa = PBXBuildFile; fileRef = F3322AA62C2AABC3009A56BA /* AppDelegate.swift */; };
		F3322AAB2C2AABC3009A56BA /* CurrentPlayingSongViewController.swift in Sources */ = {isa = PBXBuildFile; fileRef = F3322AAA2C2AABC3009A56BA /* CurrentPlayingSongViewController.swift */; };
		F3322AB02C2AABC5009A56BA /* Assets.xcassets in Resources */ = {isa = PBXBuildFile; fileRef = F3322AAF2C2AABC5009A56BA /* Assets.xcassets */; };
		F3322AB32C2AABC5009A56BA /* Base in Resources */ = {isa = PBXBuildFile; fileRef = F3322AB22C2AABC5009A56BA /* Base */; };
		F3322ABB2C2AAC79009A56BA /* DeviceSelectionViewController.swift in Sources */ = {isa = PBXBuildFile; fileRef = F3322ABA2C2AAC79009A56BA /* DeviceSelectionViewController.swift */; };
		F3322ABD2C2AAC8F009A56BA /* SpotifyColors.swift in Sources */ = {isa = PBXBuildFile; fileRef = F3322ABC2C2AAC8F009A56BA /* SpotifyColors.swift */; };
		F3322ABF2C2AAC9F009A56BA /* SpotifyImages.swift in Sources */ = {isa = PBXBuildFile; fileRef = F3322ABE2C2AAC9F009A56BA /* SpotifyImages.swift */; };
		F3322AC72C2AACF3009A56BA /* Actions.swift in Sources */ = {isa = PBXBuildFile; fileRef = F3322AC02C2AACF3009A56BA /* Actions.swift */; };
		F3322AC82C2AACF3009A56BA /* Album.swift in Sources */ = {isa = PBXBuildFile; fileRef = F3322AC12C2AACF3009A56BA /* Album.swift */; };
		F3322AC92C2AACF3009A56BA /* Artist.swift in Sources */ = {isa = PBXBuildFile; fileRef = F3322AC22C2AACF3009A56BA /* Artist.swift */; };
		F3322ACA2C2AACF3009A56BA /* Devices.swift in Sources */ = {isa = PBXBuildFile; fileRef = F3322AC32C2AACF3009A56BA /* Devices.swift */; };
		F3322ACB2C2AACF3009A56BA /* Item.swift in Sources */ = {isa = PBXBuildFile; fileRef = F3322AC42C2AACF3009A56BA /* Item.swift */; };
		F3322ACC2C2AACF3009A56BA /* SpotifyCurrentlyPlaying.swift in Sources */ = {isa = PBXBuildFile; fileRef = F3322AC52C2AACF3009A56BA /* SpotifyCurrentlyPlaying.swift */; };
		F3322ACE2C2AAE31009A56BA /* CurrentlyPlayingSong.json in Resources */ = {isa = PBXBuildFile; fileRef = F3322ACD2C2AAE31009A56BA /* CurrentlyPlayingSong.json */; };
		F3322AD02C2AAE43009A56BA /* JsonToSwiftConvert.swift in Sources */ = {isa = PBXBuildFile; fileRef = F3322ACF2C2AAE43009A56BA /* JsonToSwiftConvert.swift */; };
		F3322AD22C2D7B0D009A56BA /* DeviceTableViewCell.swift in Sources */ = {isa = PBXBuildFile; fileRef = F3322AD12C2D7B0D009A56BA /* DeviceTableViewCell.swift */; };
		F3322AD42C2D9182009A56BA /* SpotifyProfile.swift in Sources */ = {isa = PBXBuildFile; fileRef = F3322AD32C2D9182009A56BA /* SpotifyProfile.swift */; };
		F3322AD82C33DBCB009A56BA /* CurrentPlayingSongViewController+Constraints.swift in Sources */ = {isa = PBXBuildFile; fileRef = F3322AD72C33DBCB009A56BA /* CurrentPlayingSongViewController+Constraints.swift */; };
		F3322ADA2C33DD60009A56BA /* Int.swift in Sources */ = {isa = PBXBuildFile; fileRef = F3322AD92C33DD60009A56BA /* Int.swift */; };
		F3322ADE2C389FBF009A56BA /* ImageViewer.swift in Sources */ = {isa = PBXBuildFile; fileRef = F3322ADD2C389FBF009A56BA /* ImageViewer.swift */; };
		F3322AE02C3EFC25009A56BA /* VerticalCollectionViewController.swift in Sources */ = {isa = PBXBuildFile; fileRef = F3322ADF2C3EFC25009A56BA /* VerticalCollectionViewController.swift */; };
		F3322AE22C3EFC47009A56BA /* VerticalCollectionViewCell.swift in Sources */ = {isa = PBXBuildFile; fileRef = F3322AE12C3EFC47009A56BA /* VerticalCollectionViewCell.swift */; };
		F3322AE42C3EFC86009A56BA /*  HorizontalCollectionViewCell.swift in Sources */ = {isa = PBXBuildFile; fileRef = F3322AE32C3EFC86009A56BA /*  HorizontalCollectionViewCell.swift */; };
		F37BE77E2C4FB87100375B1C /* AlbumHeaderView.swift in Sources */ = {isa = PBXBuildFile; fileRef = F37BE77D2C4FB87100375B1C /* AlbumHeaderView.swift */; };
		F37BE7802C4FB98900375B1C /* SongCell.swift in Sources */ = {isa = PBXBuildFile; fileRef = F37BE77F2C4FB98900375B1C /* SongCell.swift */; };
		F37BE7822C4FD45A00375B1C /* AlbumViewController.swift in Sources */ = {isa = PBXBuildFile; fileRef = F37BE7812C4FD45A00375B1C /* AlbumViewController.swift */; };
		F37BE7842C51BA0D00375B1C /* AlbumViewController+TableView.swift in Sources */ = {isa = PBXBuildFile; fileRef = F37BE7832C51BA0D00375B1C /* AlbumViewController+TableView.swift */; };
		F37BE7862C51BD8200375B1C /* ControlButtonsView.swift in Sources */ = {isa = PBXBuildFile; fileRef = F37BE7852C51BD8200375B1C /* ControlButtonsView.swift */; };
/* End PBXBuildFile section */

/* Begin PBXFileReference section */
		456B42672C349C1500F328F5 /* Formatter.swift */ = {isa = PBXFileReference; lastKnownFileType = sourcecode.swift; path = Formatter.swift; sourceTree = "<group>"; };
		456B42692C349C3900F328F5 /* DeviceSelectionViewController+TableView.swift */ = {isa = PBXFileReference; lastKnownFileType = sourcecode.swift; path = "DeviceSelectionViewController+TableView.swift"; sourceTree = "<group>"; };
		456B426B2C349DE400F328F5 /* CurrentPlayingSongViewController+Network.swift */ = {isa = PBXFileReference; lastKnownFileType = sourcecode.swift; path = "CurrentPlayingSongViewController+Network.swift"; sourceTree = "<group>"; };
		456B426D2C349E2700F328F5 /* CurrentPlayingSongViewController+PlaySong.swift */ = {isa = PBXFileReference; lastKnownFileType = sourcecode.swift; path = "CurrentPlayingSongViewController+PlaySong.swift"; sourceTree = "<group>"; };
		456B426F2C34A0E400F328F5 /* PlayingSongViewController.swift */ = {isa = PBXFileReference; lastKnownFileType = sourcecode.swift; path = PlayingSongViewController.swift; sourceTree = "<group>"; };
		456B42722C34A1D900F328F5 /* PlayingSongViewController+CollectionView.swift */ = {isa = PBXFileReference; lastKnownFileType = sourcecode.swift; path = "PlayingSongViewController+CollectionView.swift"; sourceTree = "<group>"; };
		456B42772C34A38300F328F5 /* PlayingSongCell.swift */ = {isa = PBXFileReference; lastKnownFileType = sourcecode.swift; path = PlayingSongCell.swift; sourceTree = "<group>"; };
		456B42792C34A62400F328F5 /* CollectionViewCell.swift */ = {isa = PBXFileReference; lastKnownFileType = sourcecode.swift; path = CollectionViewCell.swift; sourceTree = "<group>"; };
		456B427B2C34A88300F328F5 /* AboutArtistCollectionCell.swift */ = {isa = PBXFileReference; lastKnownFileType = sourcecode.swift; path = AboutArtistCollectionCell.swift; sourceTree = "<group>"; };
		456B427D2C34A90F00F328F5 /* SongCreditsCollectionCell.swift */ = {isa = PBXFileReference; lastKnownFileType = sourcecode.swift; path = SongCreditsCollectionCell.swift; sourceTree = "<group>"; };
		456B42802C34ABD600F328F5 /* SongTitleContainerView.swift */ = {isa = PBXFileReference; lastKnownFileType = sourcecode.swift; path = SongTitleContainerView.swift; sourceTree = "<group>"; };
		456B42822C34ADA900F328F5 /* SongControlsContainerView.swift */ = {isa = PBXFileReference; lastKnownFileType = sourcecode.swift; path = SongControlsContainerView.swift; sourceTree = "<group>"; };
		456B42842C34B31600F328F5 /* PlayingSongTrackView.swift */ = {isa = PBXFileReference; lastKnownFileType = sourcecode.swift; path = PlayingSongTrackView.swift; sourceTree = "<group>"; };
		456B42872C34B4EA00F328F5 /* DeviceShareAndTimerView.swift */ = {isa = PBXFileReference; lastKnownFileType = sourcecode.swift; path = DeviceShareAndTimerView.swift; sourceTree = "<group>"; };
		F3322AA32C2AABC3009A56BA /* CurrentPlayingSongApp.app */ = {isa = PBXFileReference; explicitFileType = wrapper.application; includeInIndex = 0; path = CurrentPlayingSongApp.app; sourceTree = BUILT_PRODUCTS_DIR; };
		F3322AA62C2AABC3009A56BA /* AppDelegate.swift */ = {isa = PBXFileReference; lastKnownFileType = sourcecode.swift; path = AppDelegate.swift; sourceTree = "<group>"; };
		F3322AAA2C2AABC3009A56BA /* CurrentPlayingSongViewController.swift */ = {isa = PBXFileReference; lastKnownFileType = sourcecode.swift; path = CurrentPlayingSongViewController.swift; sourceTree = "<group>"; };
		F3322AAF2C2AABC5009A56BA /* Assets.xcassets */ = {isa = PBXFileReference; lastKnownFileType = folder.assetcatalog; path = Assets.xcassets; sourceTree = "<group>"; };
		F3322AB22C2AABC5009A56BA /* Base */ = {isa = PBXFileReference; lastKnownFileType = file.storyboard; name = Base; path = Base.lproj/LaunchScreen.storyboard; sourceTree = "<group>"; };
		F3322AB42C2AABC5009A56BA /* Info.plist */ = {isa = PBXFileReference; lastKnownFileType = text.plist.xml; path = Info.plist; sourceTree = "<group>"; };
		F3322ABA2C2AAC79009A56BA /* DeviceSelectionViewController.swift */ = {isa = PBXFileReference; lastKnownFileType = sourcecode.swift; path = DeviceSelectionViewController.swift; sourceTree = "<group>"; };
		F3322ABC2C2AAC8F009A56BA /* SpotifyColors.swift */ = {isa = PBXFileReference; lastKnownFileType = sourcecode.swift; path = SpotifyColors.swift; sourceTree = "<group>"; };
		F3322ABE2C2AAC9F009A56BA /* SpotifyImages.swift */ = {isa = PBXFileReference; lastKnownFileType = sourcecode.swift; path = SpotifyImages.swift; sourceTree = "<group>"; };
		F3322AC02C2AACF3009A56BA /* Actions.swift */ = {isa = PBXFileReference; fileEncoding = 4; lastKnownFileType = sourcecode.swift; path = Actions.swift; sourceTree = "<group>"; };
		F3322AC12C2AACF3009A56BA /* Album.swift */ = {isa = PBXFileReference; fileEncoding = 4; lastKnownFileType = sourcecode.swift; path = Album.swift; sourceTree = "<group>"; };
		F3322AC22C2AACF3009A56BA /* Artist.swift */ = {isa = PBXFileReference; fileEncoding = 4; lastKnownFileType = sourcecode.swift; path = Artist.swift; sourceTree = "<group>"; };
		F3322AC32C2AACF3009A56BA /* Devices.swift */ = {isa = PBXFileReference; fileEncoding = 4; lastKnownFileType = sourcecode.swift; path = Devices.swift; sourceTree = "<group>"; };
		F3322AC42C2AACF3009A56BA /* Item.swift */ = {isa = PBXFileReference; fileEncoding = 4; lastKnownFileType = sourcecode.swift; path = Item.swift; sourceTree = "<group>"; };
		F3322AC52C2AACF3009A56BA /* SpotifyCurrentlyPlaying.swift */ = {isa = PBXFileReference; fileEncoding = 4; lastKnownFileType = sourcecode.swift; path = SpotifyCurrentlyPlaying.swift; sourceTree = "<group>"; };
		F3322ACD2C2AAE31009A56BA /* CurrentlyPlayingSong.json */ = {isa = PBXFileReference; fileEncoding = 4; lastKnownFileType = text.json; path = CurrentlyPlayingSong.json; sourceTree = "<group>"; };
		F3322ACF2C2AAE43009A56BA /* JsonToSwiftConvert.swift */ = {isa = PBXFileReference; fileEncoding = 4; lastKnownFileType = sourcecode.swift; path = JsonToSwiftConvert.swift; sourceTree = "<group>"; };
		F3322AD12C2D7B0D009A56BA /* DeviceTableViewCell.swift */ = {isa = PBXFileReference; lastKnownFileType = sourcecode.swift; path = DeviceTableViewCell.swift; sourceTree = "<group>"; };
		F3322AD32C2D9182009A56BA /* SpotifyProfile.swift */ = {isa = PBXFileReference; lastKnownFileType = sourcecode.swift; path = SpotifyProfile.swift; sourceTree = "<group>"; };
		F3322AD72C33DBCB009A56BA /* CurrentPlayingSongViewController+Constraints.swift */ = {isa = PBXFileReference; lastKnownFileType = sourcecode.swift; path = "CurrentPlayingSongViewController+Constraints.swift"; sourceTree = "<group>"; };
		F3322AD92C33DD60009A56BA /* Int.swift */ = {isa = PBXFileReference; lastKnownFileType = sourcecode.swift; path = Int.swift; sourceTree = "<group>"; };
		F3322ADD2C389FBF009A56BA /* ImageViewer.swift */ = {isa = PBXFileReference; lastKnownFileType = sourcecode.swift; path = ImageViewer.swift; sourceTree = "<group>"; };
		F3322ADF2C3EFC25009A56BA /* VerticalCollectionViewController.swift */ = {isa = PBXFileReference; lastKnownFileType = sourcecode.swift; path = VerticalCollectionViewController.swift; sourceTree = "<group>"; };
		F3322AE12C3EFC47009A56BA /* VerticalCollectionViewCell.swift */ = {isa = PBXFileReference; lastKnownFileType = sourcecode.swift; path = VerticalCollectionViewCell.swift; sourceTree = "<group>"; };
		F3322AE32C3EFC86009A56BA /*  HorizontalCollectionViewCell.swift */ = {isa = PBXFileReference; lastKnownFileType = sourcecode.swift; path = " HorizontalCollectionViewCell.swift"; sourceTree = "<group>"; };
		F37BE77D2C4FB87100375B1C /* AlbumHeaderView.swift */ = {isa = PBXFileReference; lastKnownFileType = sourcecode.swift; path = AlbumHeaderView.swift; sourceTree = "<group>"; };
		F37BE77F2C4FB98900375B1C /* SongCell.swift */ = {isa = PBXFileReference; lastKnownFileType = sourcecode.swift; path = SongCell.swift; sourceTree = "<group>"; };
		F37BE7812C4FD45A00375B1C /* AlbumViewController.swift */ = {isa = PBXFileReference; lastKnownFileType = sourcecode.swift; path = AlbumViewController.swift; sourceTree = "<group>"; };
		F37BE7832C51BA0D00375B1C /* AlbumViewController+TableView.swift */ = {isa = PBXFileReference; lastKnownFileType = sourcecode.swift; path = "AlbumViewController+TableView.swift"; sourceTree = "<group>"; };
		F37BE7852C51BD8200375B1C /* ControlButtonsView.swift */ = {isa = PBXFileReference; lastKnownFileType = sourcecode.swift; path = ControlButtonsView.swift; sourceTree = "<group>"; };
/* End PBXFileReference section */

/* Begin PBXFrameworksBuildPhase section */
		F3322AA02C2AABC3009A56BA /* Frameworks */ = {
			isa = PBXFrameworksBuildPhase;
			buildActionMask = 2147483647;
			files = (
			);
			runOnlyForDeploymentPostprocessing = 0;
		};
/* End PBXFrameworksBuildPhase section */

/* Begin PBXGroup section */
		456B42662C349BEE00F328F5 /* Extensions */ = {
			isa = PBXGroup;
			children = (
				F3322AD92C33DD60009A56BA /* Int.swift */,
				456B42792C34A62400F328F5 /* CollectionViewCell.swift */,
				F3322ADD2C389FBF009A56BA /* ImageViewer.swift */,
				456B42672C349C1500F328F5 /* Formatter.swift */,
			);
			path = Extensions;
			sourceTree = "<group>";
		};
		456B42712C34A0ED00F328F5 /* PlayingSongViewController */ = {
			isa = PBXGroup;
			children = (
				456B42742C34A34E00F328F5 /* Controller */,
				456B42762C34A37100F328F5 /* Cells */,
			);
			path = PlayingSongViewController;
			sourceTree = "<group>";
		};
		456B42742C34A34E00F328F5 /* Controller */ = {
			isa = PBXGroup;
			children = (
				456B426F2C34A0E400F328F5 /* PlayingSongViewController.swift */,
				F37BE7812C4FD45A00375B1C /* AlbumViewController.swift */,
				F37BE7832C51BA0D00375B1C /* AlbumViewController+TableView.swift */,
				456B42722C34A1D900F328F5 /* PlayingSongViewController+CollectionView.swift */,
				F3322ADF2C3EFC25009A56BA /* VerticalCollectionViewController.swift */,
			);
			path = Controller;
			sourceTree = "<group>";
		};
		456B42762C34A37100F328F5 /* Cells */ = {
			isa = PBXGroup;
			children = (
				456B427F2C34ABC200F328F5 /* PlayingSongCell */,
				456B427B2C34A88300F328F5 /* AboutArtistCollectionCell.swift */,
				F37BE77F2C4FB98900375B1C /* SongCell.swift */,
				456B427D2C34A90F00F328F5 /* SongCreditsCollectionCell.swift */,
				F3322AE12C3EFC47009A56BA /* VerticalCollectionViewCell.swift */,
				F3322AE32C3EFC86009A56BA /*  HorizontalCollectionViewCell.swift */,
			);
			path = Cells;
			sourceTree = "<group>";
		};
		456B427F2C34ABC200F328F5 /* PlayingSongCell */ = {
			isa = PBXGroup;
			children = (
				456B42772C34A38300F328F5 /* PlayingSongCell.swift */,
				456B42862C34B4C200F328F5 /* Components */,
			);
			path = PlayingSongCell;
			sourceTree = "<group>";
		};
		456B42862C34B4C200F328F5 /* Components */ = {
			isa = PBXGroup;
			children = (
				F37BE77D2C4FB87100375B1C /* AlbumHeaderView.swift */,
				F37BE7852C51BD8200375B1C /* ControlButtonsView.swift */,
				456B42802C34ABD600F328F5 /* SongTitleContainerView.swift */,
				456B42842C34B31600F328F5 /* PlayingSongTrackView.swift */,
				456B42822C34ADA900F328F5 /* SongControlsContainerView.swift */,
				456B42872C34B4EA00F328F5 /* DeviceShareAndTimerView.swift */,
			);
			path = Components;
			sourceTree = "<group>";
		};
		F3322A9A2C2AABC3009A56BA = {
			isa = PBXGroup;
			children = (
				F3322AA52C2AABC3009A56BA /* CurrentPlayingSongApp */,
				F3322AA42C2AABC3009A56BA /* Products */,
			);
			sourceTree = "<group>";
		};
		F3322AA42C2AABC3009A56BA /* Products */ = {
			isa = PBXGroup;
			children = (
				F3322AA32C2AABC3009A56BA /* CurrentPlayingSongApp.app */,
			);
			name = Products;
			sourceTree = "<group>";
		};
		F3322AA52C2AABC3009A56BA /* CurrentPlayingSongApp */ = {
			isa = PBXGroup;
			children = (
				F3322AA62C2AABC3009A56BA /* AppDelegate.swift */,
				F3322ABE2C2AAC9F009A56BA /* SpotifyImages.swift */,
				F3322ABC2C2AAC8F009A56BA /* SpotifyColors.swift */,
				456B42662C349BEE00F328F5 /* Extensions */,
				456B42712C34A0ED00F328F5 /* PlayingSongViewController */,
				F3322ADB2C33DDEB009A56BA /* CurrentPlayingSongViewController */,
				F3322ADC2C33DE29009A56BA /* DeviceSelectionViewController */,
				F3322AC62C2AACF3009A56BA /* Model */,
				F3322ACF2C2AAE43009A56BA /* JsonToSwiftConvert.swift */,
				F3322AAF2C2AABC5009A56BA /* Assets.xcassets */,
				F3322AB12C2AABC5009A56BA /* LaunchScreen.storyboard */,
				F3322AB42C2AABC5009A56BA /* Info.plist */,
			);
			path = CurrentPlayingSongApp;
			sourceTree = "<group>";
		};
		F3322AC62C2AACF3009A56BA /* Model */ = {
			isa = PBXGroup;
			children = (
				F37BE76D2C4FA2C400375B1C /* CurrentPlayingSong */,
			);
			path = Model;
			sourceTree = "<group>";
		};
		F3322ADB2C33DDEB009A56BA /* CurrentPlayingSongViewController */ = {
			isa = PBXGroup;
			children = (
				F3322AAA2C2AABC3009A56BA /* CurrentPlayingSongViewController.swift */,
				456B426D2C349E2700F328F5 /* CurrentPlayingSongViewController+PlaySong.swift */,
				456B426B2C349DE400F328F5 /* CurrentPlayingSongViewController+Network.swift */,
				F3322AD72C33DBCB009A56BA /* CurrentPlayingSongViewController+Constraints.swift */,
			);
			path = CurrentPlayingSongViewController;
			sourceTree = "<group>";
		};
		F3322ADC2C33DE29009A56BA /* DeviceSelectionViewController */ = {
			isa = PBXGroup;
			children = (
				F3322ABA2C2AAC79009A56BA /* DeviceSelectionViewController.swift */,
				456B42692C349C3900F328F5 /* DeviceSelectionViewController+TableView.swift */,
				F3322AD12C2D7B0D009A56BA /* DeviceTableViewCell.swift */,
			);
			path = DeviceSelectionViewController;
			sourceTree = "<group>";
		};
		F37BE76D2C4FA2C400375B1C /* CurrentPlayingSong */ = {
			isa = PBXGroup;
			children = (
				F3322AC52C2AACF3009A56BA /* SpotifyCurrentlyPlaying.swift */,
				F3322AC02C2AACF3009A56BA /* Actions.swift */,
				F3322AC12C2AACF3009A56BA /* Album.swift */,
				F3322AC22C2AACF3009A56BA /* Artist.swift */,
				F3322AC32C2AACF3009A56BA /* Devices.swift */,
				F3322AC42C2AACF3009A56BA /* Item.swift */,
				F3322AD32C2D9182009A56BA /* SpotifyProfile.swift */,
				F3322ACD2C2AAE31009A56BA /* CurrentlyPlayingSong.json */,
			);
			path = CurrentPlayingSong;
			sourceTree = "<group>";
		};
/* End PBXGroup section */

/* Begin PBXNativeTarget section */
		F3322AA22C2AABC3009A56BA /* CurrentPlayingSongApp */ = {
			isa = PBXNativeTarget;
			buildConfigurationList = F3322AB72C2AABC5009A56BA /* Build configuration list for PBXNativeTarget "CurrentPlayingSongApp" */;
			buildPhases = (
				F3322A9F2C2AABC3009A56BA /* Sources */,
				F3322AA02C2AABC3009A56BA /* Frameworks */,
				F3322AA12C2AABC3009A56BA /* Resources */,
			);
			buildRules = (
			);
			dependencies = (
			);
			name = CurrentPlayingSongApp;
			productName = CurrentPlayingSongApp;
			productReference = F3322AA32C2AABC3009A56BA /* CurrentPlayingSongApp.app */;
			productType = "com.apple.product-type.application";
		};
/* End PBXNativeTarget section */

/* Begin PBXProject section */
		F3322A9B2C2AABC3009A56BA /* Project object */ = {
			isa = PBXProject;
			attributes = {
				BuildIndependentTargetsInParallel = 1;
				LastSwiftUpdateCheck = 1540;
				LastUpgradeCheck = 1540;
				TargetAttributes = {
					F3322AA22C2AABC3009A56BA = {
						CreatedOnToolsVersion = 15.4;
					};
				};
			};
			buildConfigurationList = F3322A9E2C2AABC3009A56BA /* Build configuration list for PBXProject "CurrentPlayingSongApp" */;
			compatibilityVersion = "Xcode 14.0";
			developmentRegion = en;
			hasScannedForEncodings = 0;
			knownRegions = (
				en,
				Base,
			);
			mainGroup = F3322A9A2C2AABC3009A56BA;
			productRefGroup = F3322AA42C2AABC3009A56BA /* Products */;
			projectDirPath = "";
			projectRoot = "";
			targets = (
				F3322AA22C2AABC3009A56BA /* CurrentPlayingSongApp */,
			);
		};
/* End PBXProject section */

/* Begin PBXResourcesBuildPhase section */
		F3322AA12C2AABC3009A56BA /* Resources */ = {
			isa = PBXResourcesBuildPhase;
			buildActionMask = 2147483647;
			files = (
				F3322ACE2C2AAE31009A56BA /* CurrentlyPlayingSong.json in Resources */,
				F3322AB02C2AABC5009A56BA /* Assets.xcassets in Resources */,
				F3322AB32C2AABC5009A56BA /* Base in Resources */,
			);
			runOnlyForDeploymentPostprocessing = 0;
		};
/* End PBXResourcesBuildPhase section */

/* Begin PBXSourcesBuildPhase section */
		F3322A9F2C2AABC3009A56BA /* Sources */ = {
			isa = PBXSourcesBuildPhase;
			buildActionMask = 2147483647;
			files = (
				456B42682C349C1500F328F5 /* Formatter.swift in Sources */,
				456B42852C34B31600F328F5 /* PlayingSongTrackView.swift in Sources */,
				F3322AD42C2D9182009A56BA /* SpotifyProfile.swift in Sources */,
				F37BE7822C4FD45A00375B1C /* AlbumViewController.swift in Sources */,
				F3322ADE2C389FBF009A56BA /* ImageViewer.swift in Sources */,
				456B427A2C34A62400F328F5 /* CollectionViewCell.swift in Sources */,
				456B42812C34ABD600F328F5 /* SongTitleContainerView.swift in Sources */,
				F3322AE02C3EFC25009A56BA /* VerticalCollectionViewController.swift in Sources */,
				F3322AAB2C2AABC3009A56BA /* CurrentPlayingSongViewController.swift in Sources */,
				456B42882C34B4EA00F328F5 /* DeviceShareAndTimerView.swift in Sources */,
				F3322AA72C2AABC3009A56BA /* AppDelegate.swift in Sources */,
				F3322AE22C3EFC47009A56BA /* VerticalCollectionViewCell.swift in Sources */,
				F3322AD22C2D7B0D009A56BA /* DeviceTableViewCell.swift in Sources */,
				456B42732C34A1D900F328F5 /* PlayingSongViewController+CollectionView.swift in Sources */,
				456B427E2C34A90F00F328F5 /* SongCreditsCollectionCell.swift in Sources */,
				F37BE7802C4FB98900375B1C /* SongCell.swift in Sources */,
				456B427C2C34A88300F328F5 /* AboutArtistCollectionCell.swift in Sources */,
				456B426A2C349C3900F328F5 /* DeviceSelectionViewController+TableView.swift in Sources */,
				F3322ABF2C2AAC9F009A56BA /* SpotifyImages.swift in Sources */,
				F3322AD02C2AAE43009A56BA /* JsonToSwiftConvert.swift in Sources */,
				F3322AC92C2AACF3009A56BA /* Artist.swift in Sources */,
				F3322ABD2C2AAC8F009A56BA /* SpotifyColors.swift in Sources */,
				456B42832C34ADA900F328F5 /* SongControlsContainerView.swift in Sources */,
				F3322ACC2C2AACF3009A56BA /* SpotifyCurrentlyPlaying.swift in Sources */,
				456B426E2C349E2700F328F5 /* CurrentPlayingSongViewController+PlaySong.swift in Sources */,
				F37BE7862C51BD8200375B1C /* ControlButtonsView.swift in Sources */,
				F3322ACB2C2AACF3009A56BA /* Item.swift in Sources */,
				F3322ABB2C2AAC79009A56BA /* DeviceSelectionViewController.swift in Sources */,
				F3322ADA2C33DD60009A56BA /* Int.swift in Sources */,
				F3322AD82C33DBCB009A56BA /* CurrentPlayingSongViewController+Constraints.swift in Sources */,
				F37BE77E2C4FB87100375B1C /* AlbumHeaderView.swift in Sources */,
				F37BE7842C51BA0D00375B1C /* AlbumViewController+TableView.swift in Sources */,
				456B426C2C349DE400F328F5 /* CurrentPlayingSongViewController+Network.swift in Sources */,
				F3322ACA2C2AACF3009A56BA /* Devices.swift in Sources */,
				F3322AE42C3EFC86009A56BA /*  HorizontalCollectionViewCell.swift in Sources */,
				456B42782C34A38300F328F5 /* PlayingSongCell.swift in Sources */,
				F3322AC72C2AACF3009A56BA /* Actions.swift in Sources */,
				F3322AC82C2AACF3009A56BA /* Album.swift in Sources */,
				456B42702C34A0E400F328F5 /* PlayingSongViewController.swift in Sources */,
			);
			runOnlyForDeploymentPostprocessing = 0;
		};
/* End PBXSourcesBuildPhase section */

/* Begin PBXVariantGroup section */
		F3322AB12C2AABC5009A56BA /* LaunchScreen.storyboard */ = {
			isa = PBXVariantGroup;
			children = (
				F3322AB22C2AABC5009A56BA /* Base */,
			);
			name = LaunchScreen.storyboard;
			sourceTree = "<group>";
		};
/* End PBXVariantGroup section */

/* Begin XCBuildConfiguration section */
		F3322AB52C2AABC5009A56BA /* Debug */ = {
			isa = XCBuildConfiguration;
			buildSettings = {
				ALWAYS_SEARCH_USER_PATHS = NO;
				ASSETCATALOG_COMPILER_GENERATE_SWIFT_ASSET_SYMBOL_EXTENSIONS = YES;
				CLANG_ANALYZER_NONNULL = YES;
				CLANG_ANALYZER_NUMBER_OBJECT_CONVERSION = YES_AGGRESSIVE;
				CLANG_CXX_LANGUAGE_STANDARD = "gnu++20";
				CLANG_ENABLE_MODULES = YES;
				CLANG_ENABLE_OBJC_ARC = YES;
				CLANG_ENABLE_OBJC_WEAK = YES;
				CLANG_WARN_BLOCK_CAPTURE_AUTORELEASING = YES;
				CLANG_WARN_BOOL_CONVERSION = YES;
				CLANG_WARN_COMMA = YES;
				CLANG_WARN_CONSTANT_CONVERSION = YES;
				CLANG_WARN_DEPRECATED_OBJC_IMPLEMENTATIONS = YES;
				CLANG_WARN_DIRECT_OBJC_ISA_USAGE = YES_ERROR;
				CLANG_WARN_DOCUMENTATION_COMMENTS = YES;
				CLANG_WARN_EMPTY_BODY = YES;
				CLANG_WARN_ENUM_CONVERSION = YES;
				CLANG_WARN_INFINITE_RECURSION = YES;
				CLANG_WARN_INT_CONVERSION = YES;
				CLANG_WARN_NON_LITERAL_NULL_CONVERSION = YES;
				CLANG_WARN_OBJC_IMPLICIT_RETAIN_SELF = YES;
				CLANG_WARN_OBJC_LITERAL_CONVERSION = YES;
				CLANG_WARN_OBJC_ROOT_CLASS = YES_ERROR;
				CLANG_WARN_QUOTED_INCLUDE_IN_FRAMEWORK_HEADER = YES;
				CLANG_WARN_RANGE_LOOP_ANALYSIS = YES;
				CLANG_WARN_STRICT_PROTOTYPES = YES;
				CLANG_WARN_SUSPICIOUS_MOVE = YES;
				CLANG_WARN_UNGUARDED_AVAILABILITY = YES_AGGRESSIVE;
				CLANG_WARN_UNREACHABLE_CODE = YES;
				CLANG_WARN__DUPLICATE_METHOD_MATCH = YES;
				COPY_PHASE_STRIP = NO;
				DEBUG_INFORMATION_FORMAT = dwarf;
				ENABLE_STRICT_OBJC_MSGSEND = YES;
				ENABLE_TESTABILITY = YES;
				ENABLE_USER_SCRIPT_SANDBOXING = YES;
				GCC_C_LANGUAGE_STANDARD = gnu17;
				GCC_DYNAMIC_NO_PIC = NO;
				GCC_NO_COMMON_BLOCKS = YES;
				GCC_OPTIMIZATION_LEVEL = 0;
				GCC_PREPROCESSOR_DEFINITIONS = (
					"DEBUG=1",
					"$(inherited)",
				);
				GCC_WARN_64_TO_32_BIT_CONVERSION = YES;
				GCC_WARN_ABOUT_RETURN_TYPE = YES_ERROR;
				GCC_WARN_UNDECLARED_SELECTOR = YES;
				GCC_WARN_UNINITIALIZED_AUTOS = YES_AGGRESSIVE;
				GCC_WARN_UNUSED_FUNCTION = YES;
				GCC_WARN_UNUSED_VARIABLE = YES;
				IPHONEOS_DEPLOYMENT_TARGET = 17.5;
				LOCALIZATION_PREFERS_STRING_CATALOGS = YES;
				MTL_ENABLE_DEBUG_INFO = INCLUDE_SOURCE;
				MTL_FAST_MATH = YES;
				ONLY_ACTIVE_ARCH = YES;
				SDKROOT = iphoneos;
				SWIFT_ACTIVE_COMPILATION_CONDITIONS = "DEBUG $(inherited)";
				SWIFT_OPTIMIZATION_LEVEL = "-Onone";
			};
			name = Debug;
		};
		F3322AB62C2AABC5009A56BA /* Release */ = {
			isa = XCBuildConfiguration;
			buildSettings = {
				ALWAYS_SEARCH_USER_PATHS = NO;
				ASSETCATALOG_COMPILER_GENERATE_SWIFT_ASSET_SYMBOL_EXTENSIONS = YES;
				CLANG_ANALYZER_NONNULL = YES;
				CLANG_ANALYZER_NUMBER_OBJECT_CONVERSION = YES_AGGRESSIVE;
				CLANG_CXX_LANGUAGE_STANDARD = "gnu++20";
				CLANG_ENABLE_MODULES = YES;
				CLANG_ENABLE_OBJC_ARC = YES;
				CLANG_ENABLE_OBJC_WEAK = YES;
				CLANG_WARN_BLOCK_CAPTURE_AUTORELEASING = YES;
				CLANG_WARN_BOOL_CONVERSION = YES;
				CLANG_WARN_COMMA = YES;
				CLANG_WARN_CONSTANT_CONVERSION = YES;
				CLANG_WARN_DEPRECATED_OBJC_IMPLEMENTATIONS = YES;
				CLANG_WARN_DIRECT_OBJC_ISA_USAGE = YES_ERROR;
				CLANG_WARN_DOCUMENTATION_COMMENTS = YES;
				CLANG_WARN_EMPTY_BODY = YES;
				CLANG_WARN_ENUM_CONVERSION = YES;
				CLANG_WARN_INFINITE_RECURSION = YES;
				CLANG_WARN_INT_CONVERSION = YES;
				CLANG_WARN_NON_LITERAL_NULL_CONVERSION = YES;
				CLANG_WARN_OBJC_IMPLICIT_RETAIN_SELF = YES;
				CLANG_WARN_OBJC_LITERAL_CONVERSION = YES;
				CLANG_WARN_OBJC_ROOT_CLASS = YES_ERROR;
				CLANG_WARN_QUOTED_INCLUDE_IN_FRAMEWORK_HEADER = YES;
				CLANG_WARN_RANGE_LOOP_ANALYSIS = YES;
				CLANG_WARN_STRICT_PROTOTYPES = YES;
				CLANG_WARN_SUSPICIOUS_MOVE = YES;
				CLANG_WARN_UNGUARDED_AVAILABILITY = YES_AGGRESSIVE;
				CLANG_WARN_UNREACHABLE_CODE = YES;
				CLANG_WARN__DUPLICATE_METHOD_MATCH = YES;
				COPY_PHASE_STRIP = NO;
				DEBUG_INFORMATION_FORMAT = "dwarf-with-dsym";
				ENABLE_NS_ASSERTIONS = NO;
				ENABLE_STRICT_OBJC_MSGSEND = YES;
				ENABLE_USER_SCRIPT_SANDBOXING = YES;
				GCC_C_LANGUAGE_STANDARD = gnu17;
				GCC_NO_COMMON_BLOCKS = YES;
				GCC_WARN_64_TO_32_BIT_CONVERSION = YES;
				GCC_WARN_ABOUT_RETURN_TYPE = YES_ERROR;
				GCC_WARN_UNDECLARED_SELECTOR = YES;
				GCC_WARN_UNINITIALIZED_AUTOS = YES_AGGRESSIVE;
				GCC_WARN_UNUSED_FUNCTION = YES;
				GCC_WARN_UNUSED_VARIABLE = YES;
				IPHONEOS_DEPLOYMENT_TARGET = 17.5;
				LOCALIZATION_PREFERS_STRING_CATALOGS = YES;
				MTL_ENABLE_DEBUG_INFO = NO;
				MTL_FAST_MATH = YES;
				SDKROOT = iphoneos;
				SWIFT_COMPILATION_MODE = wholemodule;
				VALIDATE_PRODUCT = YES;
			};
			name = Release;
		};
		F3322AB82C2AABC5009A56BA /* Debug */ = {
			isa = XCBuildConfiguration;
			buildSettings = {
				ASSETCATALOG_COMPILER_APPICON_NAME = AppIcon;
				ASSETCATALOG_COMPILER_GLOBAL_ACCENT_COLOR_NAME = AccentColor;
				CODE_SIGN_STYLE = Automatic;
				CURRENT_PROJECT_VERSION = 1;
				DEVELOPMENT_TEAM = T8C3BDQ5BW;
				GENERATE_INFOPLIST_FILE = YES;
				INFOPLIST_FILE = CurrentPlayingSongApp/Info.plist;
				INFOPLIST_KEY_UIApplicationSupportsIndirectInputEvents = YES;
				INFOPLIST_KEY_UILaunchStoryboardName = LaunchScreen;
				INFOPLIST_KEY_UISupportedInterfaceOrientations_iPad = "UIInterfaceOrientationPortrait UIInterfaceOrientationPortraitUpsideDown UIInterfaceOrientationLandscapeLeft UIInterfaceOrientationLandscapeRight";
				INFOPLIST_KEY_UISupportedInterfaceOrientations_iPhone = "UIInterfaceOrientationPortrait UIInterfaceOrientationLandscapeLeft UIInterfaceOrientationLandscapeRight";
				LD_RUNPATH_SEARCH_PATHS = (
					"$(inherited)",
					"@executable_path/Frameworks",
				);
				MARKETING_VERSION = 1.0;
				PRODUCT_BUNDLE_IDENTIFIER = com.Futurelane.CurrentPlayingSongApp;
				PRODUCT_NAME = "$(TARGET_NAME)";
				SWIFT_EMIT_LOC_STRINGS = YES;
				SWIFT_VERSION = 5.0;
				TARGETED_DEVICE_FAMILY = "1,2";
			};
			name = Debug;
		};
		F3322AB92C2AABC5009A56BA /* Release */ = {
			isa = XCBuildConfiguration;
			buildSettings = {
				ASSETCATALOG_COMPILER_APPICON_NAME = AppIcon;
				ASSETCATALOG_COMPILER_GLOBAL_ACCENT_COLOR_NAME = AccentColor;
				CODE_SIGN_STYLE = Automatic;
				CURRENT_PROJECT_VERSION = 1;
				DEVELOPMENT_TEAM = T8C3BDQ5BW;
				GENERATE_INFOPLIST_FILE = YES;
				INFOPLIST_FILE = CurrentPlayingSongApp/Info.plist;
				INFOPLIST_KEY_UIApplicationSupportsIndirectInputEvents = YES;
				INFOPLIST_KEY_UILaunchStoryboardName = LaunchScreen;
				INFOPLIST_KEY_UISupportedInterfaceOrientations_iPad = "UIInterfaceOrientationPortrait UIInterfaceOrientationPortraitUpsideDown UIInterfaceOrientationLandscapeLeft UIInterfaceOrientationLandscapeRight";
				INFOPLIST_KEY_UISupportedInterfaceOrientations_iPhone = "UIInterfaceOrientationPortrait UIInterfaceOrientationLandscapeLeft UIInterfaceOrientationLandscapeRight";
				LD_RUNPATH_SEARCH_PATHS = (
					"$(inherited)",
					"@executable_path/Frameworks",
				);
				MARKETING_VERSION = 1.0;
				PRODUCT_BUNDLE_IDENTIFIER = com.Futurelane.CurrentPlayingSongApp;
				PRODUCT_NAME = "$(TARGET_NAME)";
				SWIFT_EMIT_LOC_STRINGS = YES;
				SWIFT_VERSION = 5.0;
				TARGETED_DEVICE_FAMILY = "1,2";
			};
			name = Release;
		};
/* End XCBuildConfiguration section */

/* Begin XCConfigurationList section */
		F3322A9E2C2AABC3009A56BA /* Build configuration list for PBXProject "CurrentPlayingSongApp" */ = {
			isa = XCConfigurationList;
			buildConfigurations = (
				F3322AB52C2AABC5009A56BA /* Debug */,
				F3322AB62C2AABC5009A56BA /* Release */,
			);
			defaultConfigurationIsVisible = 0;
			defaultConfigurationName = Release;
		};
		F3322AB72C2AABC5009A56BA /* Build configuration list for PBXNativeTarget "CurrentPlayingSongApp" */ = {
			isa = XCConfigurationList;
			buildConfigurations = (
				F3322AB82C2AABC5009A56BA /* Debug */,
				F3322AB92C2AABC5009A56BA /* Release */,
			);
			defaultConfigurationIsVisible = 0;
			defaultConfigurationName = Release;
		};
/* End XCConfigurationList section */
	};
	rootObject = F3322A9B2C2AABC3009A56BA /* Project object */;
}
